
Microsoft Visual Studio Solution File, Format Version 12.00
# Visual Studio Version 17
VisualStudioVersion = 17.4.33122.133
MinimumVisualStudioVersion = 10.0.40219.1
Project("{9A19103F-16F7-4668-BE54-9A1E7A4F7556}") = "MyFinances.WebApi", "MyFinances.WebApi.csproj", "{F88F8105-F52F-44C8-BA22-EFFE5668ADFA}"
EndProject
Global
	GlobalSection(SolutionConfigurationPlatforms) = preSolution
		Debug|Any CPU = Debug|Any CPU
		Release|Any CPU = Release|Any CPU
	EndGlobalSection
	GlobalSection(ProjectConfigurationPlatforms) = postSolution
		{F88F8105-F52F-44C8-BA22-EFFE5668ADFA}.Debug|Any CPU.ActiveCfg = Debug|Any CPU
		{F88F8105-F52F-44C8-BA22-EFFE5668ADFA}.Debug|Any CPU.Build.0 = Debug|Any CPU
		{F88F8105-F52F-44C8-BA22-EFFE5668ADFA}.Release|Any CPU.ActiveCfg = Release|Any CPU
		{F88F8105-F52F-44C8-BA22-EFFE5668ADFA}.Release|Any CPU.Build.0 = Release|Any CPU
	EndGlobalSection
	GlobalSection(SolutionProperties) = preSolution
		HideSolutionNode = FALSE
	EndGlobalSection
	GlobalSection(ExtensibilityGlobals) = postSolution
		SolutionGuid = {F2AD1334-218A-4C3D-A193-5D6B0F9C7EEB}
	EndGlobalSection
EndGlobal
